{
  "version": 4,
  "terraform_version": "1.5.4",
  "serial": 182,
  "lineage": "2cc6b685-6f80-c3e6-6669-4c6c063ff95a",
  "outputs": {},
  "resources": [
    {
      "mode": "managed",
      "type": "azurerm_network_interface",
      "name": "nic1",
      "provider": "provider[\"registry.terraform.io/hashicorp/azurerm\"]",
      "instances": [
        {
          "schema_version": 0,
          "attributes": {
            "applied_dns_servers": [],
            "dns_servers": [],
            "edge_zone": "",
            "enable_accelerated_networking": false,
            "enable_ip_forwarding": false,
            "id": "/subscriptions/637e301c-c39b-464e-bdd2-043795b66b09/resourceGroups/AzureLAB/providers/Microsoft.Network/networkInterfaces/JumpVMNIC",
            "internal_dns_name_label": "",
            "internal_domain_name_suffix": "h5ofnszhg2kehd1ie5dmdpa3nd.bx.internal.cloudapp.net",
            "ip_configuration": [
              {
                "gateway_load_balancer_frontend_ip_configuration_id": "",
                "name": "internalJumpVMIP",
                "primary": true,
                "private_ip_address": "10.1.3.4",
                "private_ip_address_allocation": "Dynamic",
                "private_ip_address_version": "IPv4",
                "public_ip_address_id": "/subscriptions/637e301c-c39b-464e-bdd2-043795b66b09/resourceGroups/AzureLAB/providers/Microsoft.Network/publicIPAddresses/JumpVMPIP",
                "subnet_id": "/subscriptions/637e301c-c39b-464e-bdd2-043795b66b09/resourceGroups/AzureLAB/providers/Microsoft.Network/virtualNetworks/AzureLAB_VNET/subnets/Jump_Subnet"
              }
            ],
            "location": "eastus",
            "mac_address": "00-22-48-2A-58-EF",
            "name": "JumpVMNIC",
            "private_ip_address": "10.1.3.4",
            "private_ip_addresses": [
              "10.1.3.4"
            ],
            "resource_group_name": "AzureLAB",
            "tags": {},
            "timeouts": null,
            "virtual_machine_id": "/subscriptions/637e301c-c39b-464e-bdd2-043795b66b09/resourceGroups/AzureLAB/providers/Microsoft.Compute/virtualMachines/JumpVM"
          },
          "sensitive_attributes": [],
          "private": "eyJlMmJmYjczMC1lY2FhLTExZTYtOGY4OC0zNDM2M2JjN2M0YzAiOnsiY3JlYXRlIjoxODAwMDAwMDAwMDAwLCJkZWxldGUiOjE4MDAwMDAwMDAwMDAsInJlYWQiOjMwMDAwMDAwMDAwMCwidXBkYXRlIjoxODAwMDAwMDAwMDAwfX0=",
          "dependencies": [
            "azurerm_public_ip.JumpVM_pip",
            "azurerm_resource_group.IAAC_Infra",
            "azurerm_subnet.IAAC_Infra_Subnet_Jump",
            "azurerm_virtual_network.IAAC_Infra_VNET"
          ]
        }
      ]
    },
    {
      "mode": "managed",
      "type": "azurerm_network_interface",
      "name": "nic2",
      "provider": "provider[\"registry.terraform.io/hashicorp/azurerm\"]",
      "instances": [
        {
          "schema_version": 0,
          "attributes": {
            "applied_dns_servers": [],
            "dns_servers": [],
            "edge_zone": "",
            "enable_accelerated_networking": false,
            "enable_ip_forwarding": false,
            "id": "/subscriptions/637e301c-c39b-464e-bdd2-043795b66b09/resourceGroups/AzureLAB/providers/Microsoft.Network/networkInterfaces/DCVMNIC",
            "internal_dns_name_label": "",
            "internal_domain_name_suffix": "h5ofnszhg2kehd1ie5dmdpa3nd.bx.internal.cloudapp.net",
            "ip_configuration": [
              {
                "gateway_load_balancer_frontend_ip_configuration_id": "",
                "name": "internalDCVMIP",
                "primary": true,
                "private_ip_address": "10.1.1.4",
                "private_ip_address_allocation": "Dynamic",
                "private_ip_address_version": "IPv4",
                "public_ip_address_id": "",
                "subnet_id": "/subscriptions/637e301c-c39b-464e-bdd2-043795b66b09/resourceGroups/AzureLAB/providers/Microsoft.Network/virtualNetworks/AzureLAB_VNET/subnets/DC_Subnet"
              }
            ],
            "location": "eastus",
            "mac_address": "00-0D-3A-19-1B-FC",
            "name": "DCVMNIC",
            "private_ip_address": "10.1.1.4",
            "private_ip_addresses": [
              "10.1.1.4"
            ],
            "resource_group_name": "AzureLAB",
            "tags": {},
            "timeouts": null,
            "virtual_machine_id": "/subscriptions/637e301c-c39b-464e-bdd2-043795b66b09/resourceGroups/AzureLAB/providers/Microsoft.Compute/virtualMachines/DCVM"
          },
          "sensitive_attributes": [],
          "private": "eyJlMmJmYjczMC1lY2FhLTExZTYtOGY4OC0zNDM2M2JjN2M0YzAiOnsiY3JlYXRlIjoxODAwMDAwMDAwMDAwLCJkZWxldGUiOjE4MDAwMDAwMDAwMDAsInJlYWQiOjMwMDAwMDAwMDAwMCwidXBkYXRlIjoxODAwMDAwMDAwMDAwfX0=",
          "dependencies": [
            "azurerm_resource_group.IAAC_Infra",
            "azurerm_subnet.IAAC_Infra_Subnet_DC",
            "azurerm_virtual_network.IAAC_Infra_VNET"
          ]
        }
      ]
    },
    {
      "mode": "managed",
      "type": "azurerm_network_interface",
      "name": "nic3",
      "provider": "provider[\"registry.terraform.io/hashicorp/azurerm\"]",
      "instances": [
        {
          "schema_version": 0,
          "attributes": {
            "applied_dns_servers": [],
            "dns_servers": [],
            "edge_zone": "",
            "enable_accelerated_networking": false,
            "enable_ip_forwarding": false,
            "id": "/subscriptions/637e301c-c39b-464e-bdd2-043795b66b09/resourceGroups/AzureLAB/providers/Microsoft.Network/networkInterfaces/SH1VMNIC",
            "internal_dns_name_label": "",
            "internal_domain_name_suffix": "h5ofnszhg2kehd1ie5dmdpa3nd.bx.internal.cloudapp.net",
            "ip_configuration": [
              {
                "gateway_load_balancer_frontend_ip_configuration_id": "",
                "name": "internalSH1VMIP",
                "primary": true,
                "private_ip_address": "10.1.2.4",
                "private_ip_address_allocation": "Dynamic",
                "private_ip_address_version": "IPv4",
                "public_ip_address_id": "",
                "subnet_id": "/subscriptions/637e301c-c39b-464e-bdd2-043795b66b09/resourceGroups/AzureLAB/providers/Microsoft.Network/virtualNetworks/AzureLAB_VNET/subnets/SH_Subnet"
              }
            ],
            "location": "eastus",
            "mac_address": "00-0D-3A-99-83-2F",
            "name": "SH1VMNIC",
            "private_ip_address": "10.1.2.4",
            "private_ip_addresses": [
              "10.1.2.4"
            ],
            "resource_group_name": "AzureLAB",
            "tags": {},
            "timeouts": null,
            "virtual_machine_id": "/subscriptions/637e301c-c39b-464e-bdd2-043795b66b09/resourceGroups/AzureLAB/providers/Microsoft.Compute/virtualMachines/SH1VM"
          },
          "sensitive_attributes": [],
          "private": "eyJlMmJmYjczMC1lY2FhLTExZTYtOGY4OC0zNDM2M2JjN2M0YzAiOnsiY3JlYXRlIjoxODAwMDAwMDAwMDAwLCJkZWxldGUiOjE4MDAwMDAwMDAwMDAsInJlYWQiOjMwMDAwMDAwMDAwMCwidXBkYXRlIjoxODAwMDAwMDAwMDAwfX0=",
          "dependencies": [
            "azurerm_resource_group.IAAC_Infra",
            "azurerm_subnet.IAAC_Infra_Subnet_SH",
            "azurerm_virtual_network.IAAC_Infra_VNET"
          ]
        }
      ]
    },
    {
      "mode": "managed",
      "type": "azurerm_network_interface",
      "name": "nic4",
      "provider": "provider[\"registry.terraform.io/hashicorp/azurerm\"]",
      "instances": [
        {
          "schema_version": 0,
          "attributes": {
            "applied_dns_servers": [],
            "dns_servers": [],
            "edge_zone": "",
            "enable_accelerated_networking": false,
            "enable_ip_forwarding": false,
            "id": "/subscriptions/637e301c-c39b-464e-bdd2-043795b66b09/resourceGroups/AzureLAB/providers/Microsoft.Network/networkInterfaces/SH2VMNIC",
            "internal_dns_name_label": "",
            "internal_domain_name_suffix": "h5ofnszhg2kehd1ie5dmdpa3nd.bx.internal.cloudapp.net",
            "ip_configuration": [
              {
                "gateway_load_balancer_frontend_ip_configuration_id": "",
                "name": "internalSH2VMIP",
                "primary": true,
                "private_ip_address": "10.1.2.6",
                "private_ip_address_allocation": "Dynamic",
                "private_ip_address_version": "IPv4",
                "public_ip_address_id": "",
                "subnet_id": "/subscriptions/637e301c-c39b-464e-bdd2-043795b66b09/resourceGroups/AzureLAB/providers/Microsoft.Network/virtualNetworks/AzureLAB_VNET/subnets/SH_Subnet"
              }
            ],
            "location": "eastus",
            "mac_address": "00-22-48-1C-AC-B1",
            "name": "SH2VMNIC",
            "private_ip_address": "10.1.2.6",
            "private_ip_addresses": [
              "10.1.2.6"
            ],
            "resource_group_name": "AzureLAB",
            "tags": {},
            "timeouts": null,
            "virtual_machine_id": "/subscriptions/637e301c-c39b-464e-bdd2-043795b66b09/resourceGroups/AzureLAB/providers/Microsoft.Compute/virtualMachines/SH2VM"
          },
          "sensitive_attributes": [],
          "private": "eyJlMmJmYjczMC1lY2FhLTExZTYtOGY4OC0zNDM2M2JjN2M0YzAiOnsiY3JlYXRlIjoxODAwMDAwMDAwMDAwLCJkZWxldGUiOjE4MDAwMDAwMDAwMDAsInJlYWQiOjMwMDAwMDAwMDAwMCwidXBkYXRlIjoxODAwMDAwMDAwMDAwfX0=",
          "dependencies": [
            "azurerm_resource_group.IAAC_Infra",
            "azurerm_subnet.IAAC_Infra_Subnet_SH",
            "azurerm_virtual_network.IAAC_Infra_VNET"
          ]
        }
      ]
    },
    {
      "mode": "managed",
      "type": "azurerm_network_interface",
      "name": "nic5",
      "provider": "provider[\"registry.terraform.io/hashicorp/azurerm\"]",
      "instances": [
        {
          "schema_version": 0,
          "attributes": {
            "applied_dns_servers": [],
            "dns_servers": [],
            "edge_zone": "",
            "enable_accelerated_networking": false,
            "enable_ip_forwarding": false,
            "id": "/subscriptions/637e301c-c39b-464e-bdd2-043795b66b09/resourceGroups/AzureLAB/providers/Microsoft.Network/networkInterfaces/ServerVMNIC",
            "internal_dns_name_label": "",
            "internal_domain_name_suffix": "h5ofnszhg2kehd1ie5dmdpa3nd.bx.internal.cloudapp.net",
            "ip_configuration": [
              {
                "gateway_load_balancer_frontend_ip_configuration_id": "",
                "name": "internalServerVMIP",
                "primary": true,
                "private_ip_address": "10.1.2.5",
                "private_ip_address_allocation": "Dynamic",
                "private_ip_address_version": "IPv4",
                "public_ip_address_id": "",
                "subnet_id": "/subscriptions/637e301c-c39b-464e-bdd2-043795b66b09/resourceGroups/AzureLAB/providers/Microsoft.Network/virtualNetworks/AzureLAB_VNET/subnets/SH_Subnet"
              }
            ],
            "location": "eastus",
            "mac_address": "00-0D-3A-8C-C7-9E",
            "name": "ServerVMNIC",
            "private_ip_address": "10.1.2.5",
            "private_ip_addresses": [
              "10.1.2.5"
            ],
            "resource_group_name": "AzureLAB",
            "tags": {},
            "timeouts": null,
            "virtual_machine_id": "/subscriptions/637e301c-c39b-464e-bdd2-043795b66b09/resourceGroups/AzureLAB/providers/Microsoft.Compute/virtualMachines/Server1VM"
          },
          "sensitive_attributes": [],
          "private": "eyJlMmJmYjczMC1lY2FhLTExZTYtOGY4OC0zNDM2M2JjN2M0YzAiOnsiY3JlYXRlIjoxODAwMDAwMDAwMDAwLCJkZWxldGUiOjE4MDAwMDAwMDAwMDAsInJlYWQiOjMwMDAwMDAwMDAwMCwidXBkYXRlIjoxODAwMDAwMDAwMDAwfX0=",
          "dependencies": [
            "azurerm_resource_group.IAAC_Infra",
            "azurerm_subnet.IAAC_Infra_Subnet_SH",
            "azurerm_virtual_network.IAAC_Infra_VNET"
          ]
        }
      ]
    },
    {
      "mode": "managed",
      "type": "azurerm_network_interface",
      "name": "nic6",
      "provider": "provider[\"registry.terraform.io/hashicorp/azurerm\"]",
      "instances": [
        {
          "schema_version": 0,
          "attributes": {
            "applied_dns_servers": [],
            "dns_servers": [],
            "edge_zone": "",
            "enable_accelerated_networking": false,
            "enable_ip_forwarding": false,
            "id": "/subscriptions/637e301c-c39b-464e-bdd2-043795b66b09/resourceGroups/AzureLAB/providers/Microsoft.Network/networkInterfaces/Server2VMNIC",
            "internal_dns_name_label": "",
            "internal_domain_name_suffix": "h5ofnszhg2kehd1ie5dmdpa3nd.bx.internal.cloudapp.net",
            "ip_configuration": [
              {
                "gateway_load_balancer_frontend_ip_configuration_id": "",
                "name": "internalServer2VMIP",
                "primary": true,
                "private_ip_address": "10.1.2.7",
                "private_ip_address_allocation": "Dynamic",
                "private_ip_address_version": "IPv4",
                "public_ip_address_id": "",
                "subnet_id": "/subscriptions/637e301c-c39b-464e-bdd2-043795b66b09/resourceGroups/AzureLAB/providers/Microsoft.Network/virtualNetworks/AzureLAB_VNET/subnets/SH_Subnet"
              }
            ],
            "location": "eastus",
            "mac_address": "00-22-48-32-CA-FD",
            "name": "Server2VMNIC",
            "private_ip_address": "10.1.2.7",
            "private_ip_addresses": [
              "10.1.2.7"
            ],
            "resource_group_name": "AzureLAB",
            "tags": {},
            "timeouts": null,
            "virtual_machine_id": "/subscriptions/637e301c-c39b-464e-bdd2-043795b66b09/resourceGroups/AzureLAB/providers/Microsoft.Compute/virtualMachines/Server2VM"
          },
          "sensitive_attributes": [],
          "private": "eyJlMmJmYjczMC1lY2FhLTExZTYtOGY4OC0zNDM2M2JjN2M0YzAiOnsiY3JlYXRlIjoxODAwMDAwMDAwMDAwLCJkZWxldGUiOjE4MDAwMDAwMDAwMDAsInJlYWQiOjMwMDAwMDAwMDAwMCwidXBkYXRlIjoxODAwMDAwMDAwMDAwfX0=",
          "dependencies": [
            "azurerm_resource_group.IAAC_Infra",
            "azurerm_subnet.IAAC_Infra_Subnet_SH",
            "azurerm_virtual_network.IAAC_Infra_VNET"
          ]
        }
      ]
    },
    {
      "mode": "managed",
      "type": "azurerm_network_interface",
      "name": "nic7",
      "provider": "provider[\"registry.terraform.io/hashicorp/azurerm\"]",
      "instances": [
        {
          "schema_version": 0,
          "attributes": {
            "applied_dns_servers": [],
            "dns_servers": [],
            "edge_zone": "",
            "enable_accelerated_networking": false,
            "enable_ip_forwarding": false,
            "id": "/subscriptions/637e301c-c39b-464e-bdd2-043795b66b09/resourceGroups/AzureLAB/providers/Microsoft.Network/networkInterfaces/Server3VMNIC",
            "internal_dns_name_label": "",
            "internal_domain_name_suffix": "h5ofnszhg2kehd1ie5dmdpa3nd.bx.internal.cloudapp.net",
            "ip_configuration": [
              {
                "gateway_load_balancer_frontend_ip_configuration_id": "",
                "name": "internalServer3VMIP",
                "primary": true,
                "private_ip_address": "10.1.2.8",
                "private_ip_address_allocation": "Dynamic",
                "private_ip_address_version": "IPv4",
                "public_ip_address_id": "",
                "subnet_id": "/subscriptions/637e301c-c39b-464e-bdd2-043795b66b09/resourceGroups/AzureLAB/providers/Microsoft.Network/virtualNetworks/AzureLAB_VNET/subnets/SH_Subnet"
              }
            ],
            "location": "eastus",
            "mac_address": "00-22-48-23-66-1E",
            "name": "Server3VMNIC",
            "private_ip_address": "10.1.2.8",
            "private_ip_addresses": [
              "10.1.2.8"
            ],
            "resource_group_name": "AzureLAB",
            "tags": {},
            "timeouts": null,
            "virtual_machine_id": "/subscriptions/637e301c-c39b-464e-bdd2-043795b66b09/resourceGroups/AzureLAB/providers/Microsoft.Compute/virtualMachines/Server3VM"
          },
          "sensitive_attributes": [],
          "private": "eyJlMmJmYjczMC1lY2FhLTExZTYtOGY4OC0zNDM2M2JjN2M0YzAiOnsiY3JlYXRlIjoxODAwMDAwMDAwMDAwLCJkZWxldGUiOjE4MDAwMDAwMDAwMDAsInJlYWQiOjMwMDAwMDAwMDAwMCwidXBkYXRlIjoxODAwMDAwMDAwMDAwfX0=",
          "dependencies": [
            "azurerm_resource_group.IAAC_Infra",
            "azurerm_subnet.IAAC_Infra_Subnet_SH",
            "azurerm_virtual_network.IAAC_Infra_VNET"
          ]
        }
      ]
    },
    {
      "mode": "managed",
      "type": "azurerm_network_interface",
      "name": "nic8",
      "provider": "provider[\"registry.terraform.io/hashicorp/azurerm\"]",
      "instances": [
        {
          "schema_version": 0,
          "attributes": {
            "applied_dns_servers": [],
            "dns_servers": [],
            "edge_zone": "",
            "enable_accelerated_networking": false,
            "enable_ip_forwarding": false,
            "id": "/subscriptions/637e301c-c39b-464e-bdd2-043795b66b09/resourceGroups/AzureLAB/providers/Microsoft.Network/networkInterfaces/Server4VMNIC",
            "internal_dns_name_label": "",
            "internal_domain_name_suffix": "h5ofnszhg2kehd1ie5dmdpa3nd.bx.internal.cloudapp.net",
            "ip_configuration": [
              {
                "gateway_load_balancer_frontend_ip_configuration_id": "",
                "name": "internalServer4VMIP",
                "primary": true,
                "private_ip_address": "10.1.2.9",
                "private_ip_address_allocation": "Dynamic",
                "private_ip_address_version": "IPv4",
                "public_ip_address_id": "",
                "subnet_id": "/subscriptions/637e301c-c39b-464e-bdd2-043795b66b09/resourceGroups/AzureLAB/providers/Microsoft.Network/virtualNetworks/AzureLAB_VNET/subnets/SH_Subnet"
              }
            ],
            "location": "eastus",
            "mac_address": "",
            "name": "Server4VMNIC",
            "private_ip_address": "10.1.2.9",
            "private_ip_addresses": [
              "10.1.2.9"
            ],
            "resource_group_name": "AzureLAB",
            "tags": null,
            "timeouts": null,
            "virtual_machine_id": ""
          },
          "sensitive_attributes": [],
          "private": "eyJlMmJmYjczMC1lY2FhLTExZTYtOGY4OC0zNDM2M2JjN2M0YzAiOnsiY3JlYXRlIjoxODAwMDAwMDAwMDAwLCJkZWxldGUiOjE4MDAwMDAwMDAwMDAsInJlYWQiOjMwMDAwMDAwMDAwMCwidXBkYXRlIjoxODAwMDAwMDAwMDAwfX0=",
          "dependencies": [
            "azurerm_resource_group.IAAC_Infra",
            "azurerm_subnet.IAAC_Infra_Subnet_SH"
          ]
        }
      ]
    },
    {
      "mode": "managed",
      "type": "azurerm_network_interface_security_group_association",
      "name": "nic1-nsg",
      "provider": "provider[\"registry.terraform.io/hashicorp/azurerm\"]",
      "instances": [
        {
          "schema_version": 0,
          "attributes": {
            "id": "/subscriptions/637e301c-c39b-464e-bdd2-043795b66b09/resourceGroups/AzureLAB/providers/Microsoft.Network/networkInterfaces/JumpVMNIC|/subscriptions/637e301c-c39b-464e-bdd2-043795b66b09/resourceGroups/AzureLAB/providers/Microsoft.Network/networkSecurityGroups/AzureLAB_NSG",
            "network_interface_id": "/subscriptions/637e301c-c39b-464e-bdd2-043795b66b09/resourceGroups/AzureLAB/providers/Microsoft.Network/networkInterfaces/JumpVMNIC",
            "network_security_group_id": "/subscriptions/637e301c-c39b-464e-bdd2-043795b66b09/resourceGroups/AzureLAB/providers/Microsoft.Network/networkSecurityGroups/AzureLAB_NSG",
            "timeouts": null
          },
          "sensitive_attributes": [],
          "private": "eyJlMmJmYjczMC1lY2FhLTExZTYtOGY4OC0zNDM2M2JjN2M0YzAiOnsiY3JlYXRlIjoxODAwMDAwMDAwMDAwLCJkZWxldGUiOjE4MDAwMDAwMDAwMDAsInJlYWQiOjMwMDAwMDAwMDAwMCwidXBkYXRlIjoxODAwMDAwMDAwMDAwfX0=",
          "dependencies": [
            "azurerm_network_interface.nic1",
            "azurerm_network_security_group.nsg",
            "azurerm_public_ip.JumpVM_pip",
            "azurerm_resource_group.IAAC_Infra",
            "azurerm_subnet.IAAC_Infra_Subnet_Jump",
            "azurerm_virtual_network.IAAC_Infra_VNET"
          ]
        }
      ]
    },
    {
      "mode": "managed",
      "type": "azurerm_network_interface_security_group_association",
      "name": "nic2-nsg",
      "provider": "provider[\"registry.terraform.io/hashicorp/azurerm\"]",
      "instances": [
        {
          "schema_version": 0,
          "attributes": {
            "id": "/subscriptions/637e301c-c39b-464e-bdd2-043795b66b09/resourceGroups/AzureLAB/providers/Microsoft.Network/networkInterfaces/DCVMNIC|/subscriptions/637e301c-c39b-464e-bdd2-043795b66b09/resourceGroups/AzureLAB/providers/Microsoft.Network/networkSecurityGroups/AzureLAB_NSG",
            "network_interface_id": "/subscriptions/637e301c-c39b-464e-bdd2-043795b66b09/resourceGroups/AzureLAB/providers/Microsoft.Network/networkInterfaces/DCVMNIC",
            "network_security_group_id": "/subscriptions/637e301c-c39b-464e-bdd2-043795b66b09/resourceGroups/AzureLAB/providers/Microsoft.Network/networkSecurityGroups/AzureLAB_NSG",
            "timeouts": null
          },
          "sensitive_attributes": [],
          "private": "eyJlMmJmYjczMC1lY2FhLTExZTYtOGY4OC0zNDM2M2JjN2M0YzAiOnsiY3JlYXRlIjoxODAwMDAwMDAwMDAwLCJkZWxldGUiOjE4MDAwMDAwMDAwMDAsInJlYWQiOjMwMDAwMDAwMDAwMCwidXBkYXRlIjoxODAwMDAwMDAwMDAwfX0=",
          "dependencies": [
            "azurerm_network_interface.nic2",
            "azurerm_network_security_group.nsg",
            "azurerm_resource_group.IAAC_Infra",
            "azurerm_subnet.IAAC_Infra_Subnet_DC",
            "azurerm_virtual_network.IAAC_Infra_VNET"
          ]
        }
      ]
    },
    {
      "mode": "managed",
      "type": "azurerm_network_interface_security_group_association",
      "name": "nic3-nsg",
      "provider": "provider[\"registry.terraform.io/hashicorp/azurerm\"]",
      "instances": [
        {
          "schema_version": 0,
          "attributes": {
            "id": "/subscriptions/637e301c-c39b-464e-bdd2-043795b66b09/resourceGroups/AzureLAB/providers/Microsoft.Network/networkInterfaces/SH1VMNIC|/subscriptions/637e301c-c39b-464e-bdd2-043795b66b09/resourceGroups/AzureLAB/providers/Microsoft.Network/networkSecurityGroups/AzureLAB_NSG",
            "network_interface_id": "/subscriptions/637e301c-c39b-464e-bdd2-043795b66b09/resourceGroups/AzureLAB/providers/Microsoft.Network/networkInterfaces/SH1VMNIC",
            "network_security_group_id": "/subscriptions/637e301c-c39b-464e-bdd2-043795b66b09/resourceGroups/AzureLAB/providers/Microsoft.Network/networkSecurityGroups/AzureLAB_NSG",
            "timeouts": null
          },
          "sensitive_attributes": [],
          "private": "eyJlMmJmYjczMC1lY2FhLTExZTYtOGY4OC0zNDM2M2JjN2M0YzAiOnsiY3JlYXRlIjoxODAwMDAwMDAwMDAwLCJkZWxldGUiOjE4MDAwMDAwMDAwMDAsInJlYWQiOjMwMDAwMDAwMDAwMCwidXBkYXRlIjoxODAwMDAwMDAwMDAwfX0=",
          "dependencies": [
            "azurerm_network_interface.nic3",
            "azurerm_network_security_group.nsg",
            "azurerm_resource_group.IAAC_Infra",
            "azurerm_subnet.IAAC_Infra_Subnet_SH",
            "azurerm_virtual_network.IAAC_Infra_VNET"
          ]
        }
      ]
    },
    {
      "mode": "managed",
      "type": "azurerm_network_interface_security_group_association",
      "name": "nic4-nsg",
      "provider": "provider[\"registry.terraform.io/hashicorp/azurerm\"]",
      "instances": [
        {
          "schema_version": 0,
          "attributes": {
            "id": "/subscriptions/637e301c-c39b-464e-bdd2-043795b66b09/resourceGroups/AzureLAB/providers/Microsoft.Network/networkInterfaces/SH2VMNIC|/subscriptions/637e301c-c39b-464e-bdd2-043795b66b09/resourceGroups/AzureLAB/providers/Microsoft.Network/networkSecurityGroups/AzureLAB_NSG",
            "network_interface_id": "/subscriptions/637e301c-c39b-464e-bdd2-043795b66b09/resourceGroups/AzureLAB/providers/Microsoft.Network/networkInterfaces/SH2VMNIC",
            "network_security_group_id": "/subscriptions/637e301c-c39b-464e-bdd2-043795b66b09/resourceGroups/AzureLAB/providers/Microsoft.Network/networkSecurityGroups/AzureLAB_NSG",
            "timeouts": null
          },
          "sensitive_attributes": [],
          "private": "eyJlMmJmYjczMC1lY2FhLTExZTYtOGY4OC0zNDM2M2JjN2M0YzAiOnsiY3JlYXRlIjoxODAwMDAwMDAwMDAwLCJkZWxldGUiOjE4MDAwMDAwMDAwMDAsInJlYWQiOjMwMDAwMDAwMDAwMCwidXBkYXRlIjoxODAwMDAwMDAwMDAwfX0=",
          "dependencies": [
            "azurerm_network_interface.nic4",
            "azurerm_network_security_group.nsg",
            "azurerm_resource_group.IAAC_Infra",
            "azurerm_subnet.IAAC_Infra_Subnet_SH",
            "azurerm_virtual_network.IAAC_Infra_VNET"
          ]
        }
      ]
    },
    {
      "mode": "managed",
      "type": "azurerm_network_interface_security_group_association",
      "name": "nic5-nsg",
      "provider": "provider[\"registry.terraform.io/hashicorp/azurerm\"]",
      "instances": [
        {
          "schema_version": 0,
          "attributes": {
            "id": "/subscriptions/637e301c-c39b-464e-bdd2-043795b66b09/resourceGroups/AzureLAB/providers/Microsoft.Network/networkInterfaces/ServerVMNIC|/subscriptions/637e301c-c39b-464e-bdd2-043795b66b09/resourceGroups/AzureLAB/providers/Microsoft.Network/networkSecurityGroups/AzureLAB_NSG",
            "network_interface_id": "/subscriptions/637e301c-c39b-464e-bdd2-043795b66b09/resourceGroups/AzureLAB/providers/Microsoft.Network/networkInterfaces/ServerVMNIC",
            "network_security_group_id": "/subscriptions/637e301c-c39b-464e-bdd2-043795b66b09/resourceGroups/AzureLAB/providers/Microsoft.Network/networkSecurityGroups/AzureLAB_NSG",
            "timeouts": null
          },
          "sensitive_attributes": [],
          "private": "eyJlMmJmYjczMC1lY2FhLTExZTYtOGY4OC0zNDM2M2JjN2M0YzAiOnsiY3JlYXRlIjoxODAwMDAwMDAwMDAwLCJkZWxldGUiOjE4MDAwMDAwMDAwMDAsInJlYWQiOjMwMDAwMDAwMDAwMCwidXBkYXRlIjoxODAwMDAwMDAwMDAwfX0=",
          "dependencies": [
            "azurerm_network_interface.nic5",
            "azurerm_network_security_group.nsg",
            "azurerm_resource_group.IAAC_Infra",
            "azurerm_subnet.IAAC_Infra_Subnet_SH",
            "azurerm_virtual_network.IAAC_Infra_VNET"
          ]
        }
      ]
    },
    {
      "mode": "managed",
      "type": "azurerm_network_interface_security_group_association",
      "name": "nic6-nsg",
      "provider": "provider[\"registry.terraform.io/hashicorp/azurerm\"]",
      "instances": [
        {
          "schema_version": 0,
          "attributes": {
            "id": "/subscriptions/637e301c-c39b-464e-bdd2-043795b66b09/resourceGroups/AzureLAB/providers/Microsoft.Network/networkInterfaces/Server2VMNIC|/subscriptions/637e301c-c39b-464e-bdd2-043795b66b09/resourceGroups/AzureLAB/providers/Microsoft.Network/networkSecurityGroups/AzureLAB_NSG",
            "network_interface_id": "/subscriptions/637e301c-c39b-464e-bdd2-043795b66b09/resourceGroups/AzureLAB/providers/Microsoft.Network/networkInterfaces/Server2VMNIC",
            "network_security_group_id": "/subscriptions/637e301c-c39b-464e-bdd2-043795b66b09/resourceGroups/AzureLAB/providers/Microsoft.Network/networkSecurityGroups/AzureLAB_NSG",
            "timeouts": null
          },
          "sensitive_attributes": [],
          "private": "eyJlMmJmYjczMC1lY2FhLTExZTYtOGY4OC0zNDM2M2JjN2M0YzAiOnsiY3JlYXRlIjoxODAwMDAwMDAwMDAwLCJkZWxldGUiOjE4MDAwMDAwMDAwMDAsInJlYWQiOjMwMDAwMDAwMDAwMCwidXBkYXRlIjoxODAwMDAwMDAwMDAwfX0=",
          "dependencies": [
            "azurerm_network_interface.nic6",
            "azurerm_network_security_group.nsg",
            "azurerm_resource_group.IAAC_Infra",
            "azurerm_subnet.IAAC_Infra_Subnet_SH",
            "azurerm_virtual_network.IAAC_Infra_VNET"
          ]
        }
      ]
    },
    {
      "mode": "managed",
      "type": "azurerm_network_interface_security_group_association",
      "name": "nic7-nsg",
      "provider": "provider[\"registry.terraform.io/hashicorp/azurerm\"]",
      "instances": [
        {
          "schema_version": 0,
          "attributes": {
            "id": "/subscriptions/637e301c-c39b-464e-bdd2-043795b66b09/resourceGroups/AzureLAB/providers/Microsoft.Network/networkInterfaces/Server3VMNIC|/subscriptions/637e301c-c39b-464e-bdd2-043795b66b09/resourceGroups/AzureLAB/providers/Microsoft.Network/networkSecurityGroups/AzureLAB_NSG",
            "network_interface_id": "/subscriptions/637e301c-c39b-464e-bdd2-043795b66b09/resourceGroups/AzureLAB/providers/Microsoft.Network/networkInterfaces/Server3VMNIC",
            "network_security_group_id": "/subscriptions/637e301c-c39b-464e-bdd2-043795b66b09/resourceGroups/AzureLAB/providers/Microsoft.Network/networkSecurityGroups/AzureLAB_NSG",
            "timeouts": null
          },
          "sensitive_attributes": [],
          "private": "eyJlMmJmYjczMC1lY2FhLTExZTYtOGY4OC0zNDM2M2JjN2M0YzAiOnsiY3JlYXRlIjoxODAwMDAwMDAwMDAwLCJkZWxldGUiOjE4MDAwMDAwMDAwMDAsInJlYWQiOjMwMDAwMDAwMDAwMCwidXBkYXRlIjoxODAwMDAwMDAwMDAwfX0=",
          "dependencies": [
            "azurerm_network_interface.nic7",
            "azurerm_network_security_group.nsg"
          ]
        }
      ]
    },
    {
      "mode": "managed",
      "type": "azurerm_network_interface_security_group_association",
      "name": "nic8-nsg",
      "provider": "provider[\"registry.terraform.io/hashicorp/azurerm\"]",
      "instances": [
        {
          "schema_version": 0,
          "attributes": {
            "id": "/subscriptions/637e301c-c39b-464e-bdd2-043795b66b09/resourceGroups/AzureLAB/providers/Microsoft.Network/networkInterfaces/Server4VMNIC|/subscriptions/637e301c-c39b-464e-bdd2-043795b66b09/resourceGroups/AzureLAB/providers/Microsoft.Network/networkSecurityGroups/AzureLAB_NSG",
            "network_interface_id": "/subscriptions/637e301c-c39b-464e-bdd2-043795b66b09/resourceGroups/AzureLAB/providers/Microsoft.Network/networkInterfaces/Server4VMNIC",
            "network_security_group_id": "/subscriptions/637e301c-c39b-464e-bdd2-043795b66b09/resourceGroups/AzureLAB/providers/Microsoft.Network/networkSecurityGroups/AzureLAB_NSG",
            "timeouts": null
          },
          "sensitive_attributes": [],
          "private": "eyJlMmJmYjczMC1lY2FhLTExZTYtOGY4OC0zNDM2M2JjN2M0YzAiOnsiY3JlYXRlIjoxODAwMDAwMDAwMDAwLCJkZWxldGUiOjE4MDAwMDAwMDAwMDAsInJlYWQiOjMwMDAwMDAwMDAwMCwidXBkYXRlIjoxODAwMDAwMDAwMDAwfX0=",
          "dependencies": [
            "azurerm_network_interface.nic8",
            "azurerm_network_security_group.nsg",
            "azurerm_resource_group.IAAC_Infra",
            "azurerm_subnet.IAAC_Infra_Subnet_SH"
          ]
        }
      ]
    },
    {
      "mode": "managed",
      "type": "azurerm_network_security_group",
      "name": "nsg",
      "provider": "provider[\"registry.terraform.io/hashicorp/azurerm\"]",
      "instances": [
        {
          "schema_version": 0,
          "attributes": {
            "id": "/subscriptions/637e301c-c39b-464e-bdd2-043795b66b09/resourceGroups/AzureLAB/providers/Microsoft.Network/networkSecurityGroups/AzureLAB_NSG",
            "location": "eastus",
            "name": "AzureLAB_NSG",
            "resource_group_name": "AzureLAB",
            "security_rule": [
              {
                "access": "Allow",
                "description": "",
                "destination_address_prefix": "*",
                "destination_address_prefixes": [],
                "destination_application_security_group_ids": [],
                "destination_port_range": "3389",
                "destination_port_ranges": [],
                "direction": "Inbound",
                "name": "RDP",
                "priority": 1001,
                "protocol": "Tcp",
                "source_address_prefix": "*",
                "source_address_prefixes": [],
                "source_application_security_group_ids": [],
                "source_port_range": "*",
                "source_port_ranges": []
              }
            ],
            "tags": {},
            "timeouts": null
          },
          "sensitive_attributes": [],
          "private": "eyJlMmJmYjczMC1lY2FhLTExZTYtOGY4OC0zNDM2M2JjN2M0YzAiOnsiY3JlYXRlIjoxODAwMDAwMDAwMDAwLCJkZWxldGUiOjE4MDAwMDAwMDAwMDAsInJlYWQiOjMwMDAwMDAwMDAwMCwidXBkYXRlIjoxODAwMDAwMDAwMDAwfX0=",
          "dependencies": [
            "azurerm_resource_group.IAAC_Infra"
          ]
        }
      ]
    },
    {
      "mode": "managed",
      "type": "azurerm_public_ip",
      "name": "JumpVM_pip",
      "provider": "provider[\"registry.terraform.io/hashicorp/azurerm\"]",
      "instances": [
        {
          "schema_version": 0,
          "attributes": {
            "allocation_method": "Dynamic",
            "ddos_protection_mode": "VirtualNetworkInherited",
            "ddos_protection_plan_id": null,
            "domain_name_label": null,
            "edge_zone": "",
            "fqdn": null,
            "id": "/subscriptions/637e301c-c39b-464e-bdd2-043795b66b09/resourceGroups/AzureLAB/providers/Microsoft.Network/publicIPAddresses/JumpVMPIP",
            "idle_timeout_in_minutes": 30,
            "ip_address": "52.188.48.238",
            "ip_tags": {},
            "ip_version": "IPv4",
            "location": "eastus",
            "name": "JumpVMPIP",
            "public_ip_prefix_id": null,
            "resource_group_name": "AzureLAB",
            "reverse_fqdn": null,
            "sku": "Basic",
            "sku_tier": "Regional",
            "tags": {},
            "timeouts": null,
            "zones": []
          },
          "sensitive_attributes": [],
          "private": "eyJlMmJmYjczMC1lY2FhLTExZTYtOGY4OC0zNDM2M2JjN2M0YzAiOnsiY3JlYXRlIjoxODAwMDAwMDAwMDAwLCJkZWxldGUiOjE4MDAwMDAwMDAwMDAsInJlYWQiOjMwMDAwMDAwMDAwMCwidXBkYXRlIjoxODAwMDAwMDAwMDAwfX0=",
          "dependencies": [
            "azurerm_resource_group.IAAC_Infra"
          ]
        }
      ]
    },
    {
      "mode": "managed",
      "type": "azurerm_resource_group",
      "name": "IAAC_Infra",
      "provider": "provider[\"registry.terraform.io/hashicorp/azurerm\"]",
      "instances": [
        {
          "schema_version": 0,
          "attributes": {
            "id": "/subscriptions/637e301c-c39b-464e-bdd2-043795b66b09/resourceGroups/AzureLAB",
            "location": "eastus",
            "name": "AzureLAB",
            "tags": {
              "environment": "AzureLAB"
            },
            "timeouts": null
          },
          "sensitive_attributes": [],
          "private": "eyJlMmJmYjczMC1lY2FhLTExZTYtOGY4OC0zNDM2M2JjN2M0YzAiOnsiY3JlYXRlIjo1NDAwMDAwMDAwMDAwLCJkZWxldGUiOjU0MDAwMDAwMDAwMDAsInJlYWQiOjMwMDAwMDAwMDAwMCwidXBkYXRlIjo1NDAwMDAwMDAwMDAwfX0="
        }
      ]
    },
    {
      "mode": "managed",
      "type": "azurerm_storage_account",
      "name": "AzureLABStorage",
      "provider": "provider[\"registry.terraform.io/hashicorp/azurerm\"]",
      "instances": [
        {
          "schema_version": 3,
          "attributes": {
            "access_tier": "Hot",
            "account_kind": "StorageV2",
            "account_replication_type": "LRS",
            "account_tier": "Standard",
            "allow_nested_items_to_be_public": true,
            "allowed_copy_scope": "",
            "azure_files_authentication": [],
            "blob_properties": [
              {
                "change_feed_enabled": false,
                "change_feed_retention_in_days": 0,
                "container_delete_retention_policy": [],
                "cors_rule": [],
                "default_service_version": "",
                "delete_retention_policy": [],
                "last_access_time_enabled": false,
                "restore_policy": [],
                "versioning_enabled": false
              }
            ],
            "cross_tenant_replication_enabled": true,
            "custom_domain": [],
            "customer_managed_key": [],
            "default_to_oauth_authentication": false,
            "edge_zone": "",
            "enable_https_traffic_only": true,
            "id": "/subscriptions/637e301c-c39b-464e-bdd2-043795b66b09/resourceGroups/AzureLAB/providers/Microsoft.Storage/storageAccounts/somitr2023storage",
            "identity": [],
            "immutability_policy": [],
            "infrastructure_encryption_enabled": false,
            "is_hns_enabled": false,
            "large_file_share_enabled": null,
            "location": "eastus",
            "min_tls_version": "TLS1_2",
            "name": "somitr2023storage",
            "network_rules": [
              {
                "bypass": [
                  "AzureServices"
                ],
                "default_action": "Allow",
                "ip_rules": [],
                "private_link_access": [],
                "virtual_network_subnet_ids": []
              }
            ],
            "nfsv3_enabled": false,
            "primary_access_key": "JVW8j82dVIvDXKbO4YAoDPlRUxVFssdNUfgwHfpRhh3ijG3zn2+coYV6WB30kt9X0SqLV73BTuDJ+AStvJznzg==",
            "primary_blob_connection_string": "DefaultEndpointsProtocol=https;BlobEndpoint=https://somitr2023storage.blob.core.windows.net/;AccountName=somitr2023storage;AccountKey=JVW8j82dVIvDXKbO4YAoDPlRUxVFssdNUfgwHfpRhh3ijG3zn2+coYV6WB30kt9X0SqLV73BTuDJ+AStvJznzg==",
            "primary_blob_endpoint": "https://somitr2023storage.blob.core.windows.net/",
            "primary_blob_host": "somitr2023storage.blob.core.windows.net",
            "primary_connection_string": "DefaultEndpointsProtocol=https;AccountName=somitr2023storage;AccountKey=JVW8j82dVIvDXKbO4YAoDPlRUxVFssdNUfgwHfpRhh3ijG3zn2+coYV6WB30kt9X0SqLV73BTuDJ+AStvJznzg==;EndpointSuffix=core.windows.net",
            "primary_dfs_endpoint": "https://somitr2023storage.dfs.core.windows.net/",
            "primary_dfs_host": "somitr2023storage.dfs.core.windows.net",
            "primary_file_endpoint": "https://somitr2023storage.file.core.windows.net/",
            "primary_file_host": "somitr2023storage.file.core.windows.net",
            "primary_location": "eastus",
            "primary_queue_endpoint": "https://somitr2023storage.queue.core.windows.net/",
            "primary_queue_host": "somitr2023storage.queue.core.windows.net",
            "primary_table_endpoint": "https://somitr2023storage.table.core.windows.net/",
            "primary_table_host": "somitr2023storage.table.core.windows.net",
            "primary_web_endpoint": "https://somitr2023storage.z13.web.core.windows.net/",
            "primary_web_host": "somitr2023storage.z13.web.core.windows.net",
            "public_network_access_enabled": true,
            "queue_encryption_key_type": "Service",
            "queue_properties": [
              {
                "cors_rule": [],
                "hour_metrics": [
                  {
                    "enabled": true,
                    "include_apis": true,
                    "retention_policy_days": 7,
                    "version": "1.0"
                  }
                ],
                "logging": [
                  {
                    "delete": false,
                    "read": false,
                    "retention_policy_days": 0,
                    "version": "1.0",
                    "write": false
                  }
                ],
                "minute_metrics": [
                  {
                    "enabled": false,
                    "include_apis": false,
                    "retention_policy_days": 0,
                    "version": "1.0"
                  }
                ]
              }
            ],
            "resource_group_name": "AzureLAB",
            "routing": [],
            "sas_policy": [],
            "secondary_access_key": "OJPAPmdNiriYgC9m1jRkl82jjSvxFKTWFbeaVE6aCjHQlfQBOgaCRVf56KBt7/uAYKBNaRQU/6AX+AStSVHyTg==",
            "secondary_blob_connection_string": "",
            "secondary_blob_endpoint": null,
            "secondary_blob_host": null,
            "secondary_connection_string": "DefaultEndpointsProtocol=https;AccountName=somitr2023storage;AccountKey=OJPAPmdNiriYgC9m1jRkl82jjSvxFKTWFbeaVE6aCjHQlfQBOgaCRVf56KBt7/uAYKBNaRQU/6AX+AStSVHyTg==;EndpointSuffix=core.windows.net",
            "secondary_dfs_endpoint": null,
            "secondary_dfs_host": null,
            "secondary_file_endpoint": null,
            "secondary_file_host": null,
            "secondary_location": "",
            "secondary_queue_endpoint": null,
            "secondary_queue_host": null,
            "secondary_table_endpoint": null,
            "secondary_table_host": null,
            "secondary_web_endpoint": null,
            "secondary_web_host": null,
            "sftp_enabled": false,
            "share_properties": [
              {
                "cors_rule": [],
                "retention_policy": [
                  {
                    "days": 7
                  }
                ],
                "smb": []
              }
            ],
            "shared_access_key_enabled": true,
            "static_website": [],
            "table_encryption_key_type": "Service",
            "tags": {},
            "timeouts": null
          },
          "sensitive_attributes": [],
          "private": "eyJlMmJmYjczMC1lY2FhLTExZTYtOGY4OC0zNDM2M2JjN2M0YzAiOnsiY3JlYXRlIjozNjAwMDAwMDAwMDAwLCJkZWxldGUiOjM2MDAwMDAwMDAwMDAsInJlYWQiOjMwMDAwMDAwMDAwMCwidXBkYXRlIjozNjAwMDAwMDAwMDAwfSwic2NoZW1hX3ZlcnNpb24iOiIzIn0=",
          "dependencies": [
            "azurerm_resource_group.IAAC_Infra"
          ]
        }
      ]
    },
    {
      "mode": "managed",
      "type": "azurerm_storage_share",
      "name": "VHDShare",
      "provider": "provider[\"registry.terraform.io/hashicorp/azurerm\"]",
      "instances": [
        {
          "schema_version": 2,
          "attributes": {
            "access_tier": "TransactionOptimized",
            "acl": [],
            "enabled_protocol": "SMB",
            "id": "https://somitr2023storage.file.core.windows.net/vhdsharesomitr",
            "metadata": {},
            "name": "vhdsharesomitr",
            "quota": 50,
            "resource_manager_id": "/subscriptions/637e301c-c39b-464e-bdd2-043795b66b09/resourceGroups/AzureLAB/providers/Microsoft.Storage/storageAccounts/somitr2023storage/fileServices/default/fileshares/vhdsharesomitr",
            "storage_account_name": "somitr2023storage",
            "timeouts": null,
            "url": "https://somitr2023storage.file.core.windows.net/vhdsharesomitr"
          },
          "sensitive_attributes": [],
          "private": "eyJlMmJmYjczMC1lY2FhLTExZTYtOGY4OC0zNDM2M2JjN2M0YzAiOnsiY3JlYXRlIjoxODAwMDAwMDAwMDAwLCJkZWxldGUiOjE4MDAwMDAwMDAwMDAsInJlYWQiOjMwMDAwMDAwMDAwMCwidXBkYXRlIjoxODAwMDAwMDAwMDAwfSwic2NoZW1hX3ZlcnNpb24iOiIyIn0=",
          "dependencies": [
            "azurerm_resource_group.IAAC_Infra",
            "azurerm_storage_account.AzureLABStorage"
          ]
        }
      ]
    },
    {
      "mode": "managed",
      "type": "azurerm_subnet",
      "name": "IAAC_Infra_Subnet_DC",
      "provider": "provider[\"registry.terraform.io/hashicorp/azurerm\"]",
      "instances": [
        {
          "schema_version": 0,
          "attributes": {
            "address_prefixes": [
              "10.1.1.0/28"
            ],
            "delegation": [],
            "enforce_private_link_endpoint_network_policies": false,
            "enforce_private_link_service_network_policies": false,
            "id": "/subscriptions/637e301c-c39b-464e-bdd2-043795b66b09/resourceGroups/AzureLAB/providers/Microsoft.Network/virtualNetworks/AzureLAB_VNET/subnets/DC_Subnet",
            "name": "DC_Subnet",
            "private_endpoint_network_policies_enabled": true,
            "private_link_service_network_policies_enabled": true,
            "resource_group_name": "AzureLAB",
            "service_endpoint_policy_ids": [],
            "service_endpoints": [
              "Microsoft.Storage"
            ],
            "timeouts": null,
            "virtual_network_name": "AzureLAB_VNET"
          },
          "sensitive_attributes": [],
          "private": "eyJlMmJmYjczMC1lY2FhLTExZTYtOGY4OC0zNDM2M2JjN2M0YzAiOnsiY3JlYXRlIjoxODAwMDAwMDAwMDAwLCJkZWxldGUiOjE4MDAwMDAwMDAwMDAsInJlYWQiOjMwMDAwMDAwMDAwMCwidXBkYXRlIjoxODAwMDAwMDAwMDAwfX0=",
          "dependencies": [
            "azurerm_resource_group.IAAC_Infra",
            "azurerm_virtual_network.IAAC_Infra_VNET"
          ]
        }
      ]
    },
    {
      "mode": "managed",
      "type": "azurerm_subnet",
      "name": "IAAC_Infra_Subnet_Jump",
      "provider": "provider[\"registry.terraform.io/hashicorp/azurerm\"]",
      "instances": [
        {
          "schema_version": 0,
          "attributes": {
            "address_prefixes": [
              "10.1.3.0/28"
            ],
            "delegation": [],
            "enforce_private_link_endpoint_network_policies": false,
            "enforce_private_link_service_network_policies": false,
            "id": "/subscriptions/637e301c-c39b-464e-bdd2-043795b66b09/resourceGroups/AzureLAB/providers/Microsoft.Network/virtualNetworks/AzureLAB_VNET/subnets/Jump_Subnet",
            "name": "Jump_Subnet",
            "private_endpoint_network_policies_enabled": true,
            "private_link_service_network_policies_enabled": true,
            "resource_group_name": "AzureLAB",
            "service_endpoint_policy_ids": [],
            "service_endpoints": [],
            "timeouts": null,
            "virtual_network_name": "AzureLAB_VNET"
          },
          "sensitive_attributes": [],
          "private": "eyJlMmJmYjczMC1lY2FhLTExZTYtOGY4OC0zNDM2M2JjN2M0YzAiOnsiY3JlYXRlIjoxODAwMDAwMDAwMDAwLCJkZWxldGUiOjE4MDAwMDAwMDAwMDAsInJlYWQiOjMwMDAwMDAwMDAwMCwidXBkYXRlIjoxODAwMDAwMDAwMDAwfX0=",
          "dependencies": [
            "azurerm_resource_group.IAAC_Infra",
            "azurerm_virtual_network.IAAC_Infra_VNET"
          ]
        }
      ]
    },
    {
      "mode": "managed",
      "type": "azurerm_subnet",
      "name": "IAAC_Infra_Subnet_SH",
      "provider": "provider[\"registry.terraform.io/hashicorp/azurerm\"]",
      "instances": [
        {
          "schema_version": 0,
          "attributes": {
            "address_prefixes": [
              "10.1.2.0/24"
            ],
            "delegation": [],
            "enforce_private_link_endpoint_network_policies": false,
            "enforce_private_link_service_network_policies": false,
            "id": "/subscriptions/637e301c-c39b-464e-bdd2-043795b66b09/resourceGroups/AzureLAB/providers/Microsoft.Network/virtualNetworks/AzureLAB_VNET/subnets/SH_Subnet",
            "name": "SH_Subnet",
            "private_endpoint_network_policies_enabled": true,
            "private_link_service_network_policies_enabled": true,
            "resource_group_name": "AzureLAB",
            "service_endpoint_policy_ids": [],
            "service_endpoints": [],
            "timeouts": null,
            "virtual_network_name": "AzureLAB_VNET"
          },
          "sensitive_attributes": [],
          "private": "eyJlMmJmYjczMC1lY2FhLTExZTYtOGY4OC0zNDM2M2JjN2M0YzAiOnsiY3JlYXRlIjoxODAwMDAwMDAwMDAwLCJkZWxldGUiOjE4MDAwMDAwMDAwMDAsInJlYWQiOjMwMDAwMDAwMDAwMCwidXBkYXRlIjoxODAwMDAwMDAwMDAwfX0=",
          "dependencies": [
            "azurerm_resource_group.IAAC_Infra",
            "azurerm_virtual_network.IAAC_Infra_VNET"
          ]
        }
      ]
    },
    {
      "mode": "managed",
      "type": "azurerm_virtual_machine_extension",
      "name": "create-active-directory-forest",
      "provider": "provider[\"registry.terraform.io/hashicorp/azurerm\"]",
      "instances": [
        {
          "schema_version": 0,
          "attributes": {
            "auto_upgrade_minor_version": false,
            "automatic_upgrade_enabled": false,
            "failure_suppression_enabled": false,
            "id": "/subscriptions/637e301c-c39b-464e-bdd2-043795b66b09/resourceGroups/AzureLAB/providers/Microsoft.Compute/virtualMachines/DCVM/extensions/create-active-directory-forest",
            "name": "create-active-directory-forest",
            "protected_settings": null,
            "protected_settings_from_key_vault": [],
            "publisher": "Microsoft.Compute",
            "settings": "{\"commandToExecute\":\"powershell.exe -Command \\\"Import-Module ADDSDeployment; $password = ConvertTo-SecureString password -AsPlainText -Force; Add-WindowsFeature -name ad-domain-services -IncludeManagementTools; Install-ADDSForest -CreateDnsDelegation:$false -DomainMode Win2012R2 -DomainName somitrAzureLAB -DomainNetbiosName somitrAzureLAB -ForestMode Win2012R2 -InstallDns:$true -SafeModeAdministratorPassword $password -Force:$true; shutdown -r -t 10; exit 0\\\"\"}",
            "tags": {},
            "timeouts": null,
            "type": "CustomScriptExtension",
            "type_handler_version": "1.9",
            "virtual_machine_id": "/subscriptions/637e301c-c39b-464e-bdd2-043795b66b09/resourceGroups/AzureLAB/providers/Microsoft.Compute/virtualMachines/DCVM"
          },
          "sensitive_attributes": [],
          "private": "eyJlMmJmYjczMC1lY2FhLTExZTYtOGY4OC0zNDM2M2JjN2M0YzAiOnsiY3JlYXRlIjoxODAwMDAwMDAwMDAwLCJkZWxldGUiOjE4MDAwMDAwMDAwMDAsInJlYWQiOjMwMDAwMDAwMDAwMCwidXBkYXRlIjoxODAwMDAwMDAwMDAwfX0=",
          "dependencies": [
            "azurerm_network_interface.nic2",
            "azurerm_resource_group.IAAC_Infra",
            "azurerm_subnet.IAAC_Infra_Subnet_DC",
            "azurerm_virtual_network.IAAC_Infra_VNET",
            "azurerm_windows_virtual_machine.vm2"
          ]
        }
      ]
    },
    {
      "mode": "managed",
      "type": "azurerm_virtual_network",
      "name": "IAAC_Infra_VNET",
      "provider": "provider[\"registry.terraform.io/hashicorp/azurerm\"]",
      "instances": [
        {
          "schema_version": 0,
          "attributes": {
            "address_space": [
              "10.1.0.0/16"
            ],
            "bgp_community": "",
            "ddos_protection_plan": [],
            "dns_servers": [],
            "edge_zone": "",
            "flow_timeout_in_minutes": 0,
            "guid": "cb56dc3f-3727-4314-8f68-27c6c1bc1d6b",
            "id": "/subscriptions/637e301c-c39b-464e-bdd2-043795b66b09/resourceGroups/AzureLAB/providers/Microsoft.Network/virtualNetworks/AzureLAB_VNET",
            "location": "eastus",
            "name": "AzureLAB_VNET",
            "resource_group_name": "AzureLAB",
            "subnet": [
              {
                "address_prefix": "10.1.1.0/28",
                "id": "/subscriptions/637e301c-c39b-464e-bdd2-043795b66b09/resourceGroups/AzureLAB/providers/Microsoft.Network/virtualNetworks/AzureLAB_VNET/subnets/DC_Subnet",
                "name": "DC_Subnet",
                "security_group": ""
              },
              {
                "address_prefix": "10.1.2.0/24",
                "id": "/subscriptions/637e301c-c39b-464e-bdd2-043795b66b09/resourceGroups/AzureLAB/providers/Microsoft.Network/virtualNetworks/AzureLAB_VNET/subnets/SH_Subnet",
                "name": "SH_Subnet",
                "security_group": ""
              },
              {
                "address_prefix": "10.1.3.0/28",
                "id": "/subscriptions/637e301c-c39b-464e-bdd2-043795b66b09/resourceGroups/AzureLAB/providers/Microsoft.Network/virtualNetworks/AzureLAB_VNET/subnets/Jump_Subnet",
                "name": "Jump_Subnet",
                "security_group": ""
              }
            ],
            "tags": {},
            "timeouts": null
          },
          "sensitive_attributes": [],
          "private": "eyJlMmJmYjczMC1lY2FhLTExZTYtOGY4OC0zNDM2M2JjN2M0YzAiOnsiY3JlYXRlIjoxODAwMDAwMDAwMDAwLCJkZWxldGUiOjE4MDAwMDAwMDAwMDAsInJlYWQiOjMwMDAwMDAwMDAwMCwidXBkYXRlIjoxODAwMDAwMDAwMDAwfX0=",
          "dependencies": [
            "azurerm_resource_group.IAAC_Infra"
          ]
        }
      ]
    },
    {
      "mode": "managed",
      "type": "azurerm_windows_virtual_machine",
      "name": "vm1",
      "provider": "provider[\"registry.terraform.io/hashicorp/azurerm\"]",
      "instances": [
        {
          "schema_version": 0,
          "attributes": {
            "additional_capabilities": [],
            "additional_unattend_content": [],
            "admin_password": "P@ssw0rd12345",
            "admin_username": "azurefixmylab",
            "allow_extension_operations": true,
            "availability_set_id": "",
            "boot_diagnostics": [],
            "capacity_reservation_group_id": "",
            "computer_name": "JumpVM",
            "custom_data": null,
            "dedicated_host_group_id": "",
            "dedicated_host_id": "",
            "edge_zone": "",
            "enable_automatic_updates": true,
            "encryption_at_host_enabled": false,
            "eviction_policy": "",
            "extensions_time_budget": "PT1H30M",
            "gallery_application": [],
            "hotpatching_enabled": false,
            "id": "/subscriptions/637e301c-c39b-464e-bdd2-043795b66b09/resourceGroups/AzureLAB/providers/Microsoft.Compute/virtualMachines/JumpVM",
            "identity": [],
            "license_type": "",
            "location": "eastus",
            "max_bid_price": -1,
            "name": "JumpVM",
            "network_interface_ids": [
              "/subscriptions/637e301c-c39b-464e-bdd2-043795b66b09/resourceGroups/AzureLAB/providers/Microsoft.Network/networkInterfaces/JumpVMNIC"
            ],
            "os_disk": [
              {
                "caching": "ReadWrite",
                "diff_disk_settings": [],
                "disk_encryption_set_id": "",
                "disk_size_gb": 127,
                "name": "JumpVM_OsDisk_1_15de071e129849a4863032d2b1db18d2",
                "secure_vm_disk_encryption_set_id": "",
                "security_encryption_type": "",
                "storage_account_type": "Standard_LRS",
                "write_accelerator_enabled": false
              }
            ],
            "patch_assessment_mode": "ImageDefault",
            "patch_mode": "AutomaticByOS",
            "plan": [],
            "platform_fault_domain": -1,
            "priority": "Regular",
            "private_ip_address": "10.1.3.4",
            "private_ip_addresses": [
              "10.1.3.4"
            ],
            "provision_vm_agent": true,
            "proximity_placement_group_id": "",
            "public_ip_address": "52.188.48.238",
            "public_ip_addresses": [
              "52.188.48.238"
            ],
            "resource_group_name": "AzureLAB",
            "secret": [],
            "secure_boot_enabled": false,
            "size": "Standard_B2s",
            "source_image_id": "",
            "source_image_reference": [
              {
                "offer": "windows-11",
                "publisher": "MicrosoftWindowsDesktop",
                "sku": "win11-21h2-avd",
                "version": "latest"
              }
            ],
            "tags": {
              "environment": "AzureLAB"
            },
            "termination_notification": [],
            "timeouts": null,
            "timezone": "",
            "user_data": "",
            "virtual_machine_id": "f0ec0ab5-46c2-4439-b627-f463b61ef7cc",
            "virtual_machine_scale_set_id": "",
            "vtpm_enabled": false,
            "winrm_listener": [],
            "zone": ""
          },
          "sensitive_attributes": [],
          "private": "eyJlMmJmYjczMC1lY2FhLTExZTYtOGY4OC0zNDM2M2JjN2M0YzAiOnsiY3JlYXRlIjoyNzAwMDAwMDAwMDAwLCJkZWxldGUiOjI3MDAwMDAwMDAwMDAsInJlYWQiOjMwMDAwMDAwMDAwMCwidXBkYXRlIjoyNzAwMDAwMDAwMDAwfX0=",
          "dependencies": [
            "azurerm_network_interface.nic1",
            "azurerm_public_ip.JumpVM_pip",
            "azurerm_resource_group.IAAC_Infra",
            "azurerm_subnet.IAAC_Infra_Subnet_Jump",
            "azurerm_virtual_network.IAAC_Infra_VNET"
          ]
        }
      ]
    },
    {
      "mode": "managed",
      "type": "azurerm_windows_virtual_machine",
      "name": "vm2",
      "provider": "provider[\"registry.terraform.io/hashicorp/azurerm\"]",
      "instances": [
        {
          "schema_version": 0,
          "attributes": {
            "additional_capabilities": [],
            "additional_unattend_content": [],
            "admin_password": "P@ssw0rd12345",
            "admin_username": "azurefixmylab",
            "allow_extension_operations": true,
            "availability_set_id": "",
            "boot_diagnostics": [],
            "capacity_reservation_group_id": "",
            "computer_name": "DCVM",
            "custom_data": null,
            "dedicated_host_group_id": "",
            "dedicated_host_id": "",
            "edge_zone": "",
            "enable_automatic_updates": true,
            "encryption_at_host_enabled": false,
            "eviction_policy": "",
            "extensions_time_budget": "PT1H30M",
            "gallery_application": [],
            "hotpatching_enabled": false,
            "id": "/subscriptions/637e301c-c39b-464e-bdd2-043795b66b09/resourceGroups/AzureLAB/providers/Microsoft.Compute/virtualMachines/DCVM",
            "identity": [],
            "license_type": "",
            "location": "eastus",
            "max_bid_price": -1,
            "name": "DCVM",
            "network_interface_ids": [
              "/subscriptions/637e301c-c39b-464e-bdd2-043795b66b09/resourceGroups/AzureLAB/providers/Microsoft.Network/networkInterfaces/DCVMNIC"
            ],
            "os_disk": [
              {
                "caching": "ReadWrite",
                "diff_disk_settings": [],
                "disk_encryption_set_id": "",
                "disk_size_gb": 127,
                "name": "DCVM_disk1_09aa10f87a164ae1bc6ed83edfb2b5b5",
                "secure_vm_disk_encryption_set_id": "",
                "security_encryption_type": "",
                "storage_account_type": "Standard_LRS",
                "write_accelerator_enabled": false
              }
            ],
            "patch_assessment_mode": "ImageDefault",
            "patch_mode": "AutomaticByOS",
            "plan": [],
            "platform_fault_domain": -1,
            "priority": "Regular",
            "private_ip_address": "10.1.1.4",
            "private_ip_addresses": [
              "10.1.1.4"
            ],
            "provision_vm_agent": true,
            "proximity_placement_group_id": "",
            "public_ip_address": "",
            "public_ip_addresses": [],
            "resource_group_name": "AzureLAB",
            "secret": [],
            "secure_boot_enabled": false,
            "size": "Standard_B2s",
            "source_image_id": "",
            "source_image_reference": [
              {
                "offer": "WindowsServer",
                "publisher": "MicrosoftWindowsServer",
                "sku": "2019-datacenter-gensecond",
                "version": "latest"
              }
            ],
            "tags": {
              "environment": "AzureLAB"
            },
            "termination_notification": [],
            "timeouts": null,
            "timezone": "",
            "user_data": "",
            "virtual_machine_id": "f68f1b7c-158d-4bce-8a3d-e9dab39bd06b",
            "virtual_machine_scale_set_id": "",
            "vtpm_enabled": false,
            "winrm_listener": [],
            "zone": ""
          },
          "sensitive_attributes": [],
          "private": "eyJlMmJmYjczMC1lY2FhLTExZTYtOGY4OC0zNDM2M2JjN2M0YzAiOnsiY3JlYXRlIjoyNzAwMDAwMDAwMDAwLCJkZWxldGUiOjI3MDAwMDAwMDAwMDAsInJlYWQiOjMwMDAwMDAwMDAwMCwidXBkYXRlIjoyNzAwMDAwMDAwMDAwfX0=",
          "dependencies": [
            "azurerm_network_interface.nic2",
            "azurerm_resource_group.IAAC_Infra",
            "azurerm_subnet.IAAC_Infra_Subnet_DC",
            "azurerm_virtual_network.IAAC_Infra_VNET"
          ]
        }
      ]
    },
    {
      "mode": "managed",
      "type": "azurerm_windows_virtual_machine",
      "name": "vm3",
      "provider": "provider[\"registry.terraform.io/hashicorp/azurerm\"]",
      "instances": [
        {
          "schema_version": 0,
          "attributes": {
            "additional_capabilities": [],
            "additional_unattend_content": [],
            "admin_password": "P@ssw0rd12345",
            "admin_username": "azurefixmylab",
            "allow_extension_operations": true,
            "availability_set_id": "",
            "boot_diagnostics": [],
            "capacity_reservation_group_id": "",
            "computer_name": "SH1VM",
            "custom_data": null,
            "dedicated_host_group_id": "",
            "dedicated_host_id": "",
            "edge_zone": "",
            "enable_automatic_updates": true,
            "encryption_at_host_enabled": false,
            "eviction_policy": "",
            "extensions_time_budget": "PT1H30M",
            "gallery_application": [],
            "hotpatching_enabled": false,
            "id": "/subscriptions/637e301c-c39b-464e-bdd2-043795b66b09/resourceGroups/AzureLAB/providers/Microsoft.Compute/virtualMachines/SH1VM",
            "identity": [],
            "license_type": "",
            "location": "eastus",
            "max_bid_price": -1,
            "name": "SH1VM",
            "network_interface_ids": [
              "/subscriptions/637e301c-c39b-464e-bdd2-043795b66b09/resourceGroups/AzureLAB/providers/Microsoft.Network/networkInterfaces/SH1VMNIC"
            ],
            "os_disk": [
              {
                "caching": "ReadWrite",
                "diff_disk_settings": [],
                "disk_encryption_set_id": "",
                "disk_size_gb": 127,
                "name": "SH1VM_OsDisk_1_d9ce4ed276a340f0a8fbba5e37eeb0cf",
                "secure_vm_disk_encryption_set_id": "",
                "security_encryption_type": "",
                "storage_account_type": "Standard_LRS",
                "write_accelerator_enabled": false
              }
            ],
            "patch_assessment_mode": "ImageDefault",
            "patch_mode": "AutomaticByOS",
            "plan": [],
            "platform_fault_domain": -1,
            "priority": "Regular",
            "private_ip_address": "10.1.2.4",
            "private_ip_addresses": [
              "10.1.2.4"
            ],
            "provision_vm_agent": true,
            "proximity_placement_group_id": "",
            "public_ip_address": "",
            "public_ip_addresses": [],
            "resource_group_name": "AzureLAB",
            "secret": [],
            "secure_boot_enabled": false,
            "size": "Standard_B2s",
            "source_image_id": "",
            "source_image_reference": [
              {
                "offer": "windows-11",
                "publisher": "MicrosoftWindowsDesktop",
                "sku": "win11-21h2-avd",
                "version": "latest"
              }
            ],
            "tags": {
              "environment": "AzureLAB"
            },
            "termination_notification": [],
            "timeouts": null,
            "timezone": "",
            "user_data": "",
            "virtual_machine_id": "5169a23f-33c4-435b-96b7-8b4c30a1073c",
            "virtual_machine_scale_set_id": "",
            "vtpm_enabled": false,
            "winrm_listener": [],
            "zone": ""
          },
          "sensitive_attributes": [],
          "private": "eyJlMmJmYjczMC1lY2FhLTExZTYtOGY4OC0zNDM2M2JjN2M0YzAiOnsiY3JlYXRlIjoyNzAwMDAwMDAwMDAwLCJkZWxldGUiOjI3MDAwMDAwMDAwMDAsInJlYWQiOjMwMDAwMDAwMDAwMCwidXBkYXRlIjoyNzAwMDAwMDAwMDAwfX0=",
          "dependencies": [
            "azurerm_network_interface.nic3",
            "azurerm_resource_group.IAAC_Infra",
            "azurerm_subnet.IAAC_Infra_Subnet_SH",
            "azurerm_virtual_network.IAAC_Infra_VNET"
          ]
        }
      ]
    },
    {
      "mode": "managed",
      "type": "azurerm_windows_virtual_machine",
      "name": "vm4",
      "provider": "provider[\"registry.terraform.io/hashicorp/azurerm\"]",
      "instances": [
        {
          "schema_version": 0,
          "attributes": {
            "additional_capabilities": [],
            "additional_unattend_content": [],
            "admin_password": "P@ssw0rd12345",
            "admin_username": "azurefixmylab",
            "allow_extension_operations": true,
            "availability_set_id": "",
            "boot_diagnostics": [],
            "capacity_reservation_group_id": "",
            "computer_name": "SH2VM",
            "custom_data": null,
            "dedicated_host_group_id": "",
            "dedicated_host_id": "",
            "edge_zone": "",
            "enable_automatic_updates": true,
            "encryption_at_host_enabled": false,
            "eviction_policy": "",
            "extensions_time_budget": "PT1H30M",
            "gallery_application": [],
            "hotpatching_enabled": false,
            "id": "/subscriptions/637e301c-c39b-464e-bdd2-043795b66b09/resourceGroups/AzureLAB/providers/Microsoft.Compute/virtualMachines/SH2VM",
            "identity": [],
            "license_type": "",
            "location": "eastus",
            "max_bid_price": -1,
            "name": "SH2VM",
            "network_interface_ids": [
              "/subscriptions/637e301c-c39b-464e-bdd2-043795b66b09/resourceGroups/AzureLAB/providers/Microsoft.Network/networkInterfaces/SH2VMNIC"
            ],
            "os_disk": [
              {
                "caching": "ReadWrite",
                "diff_disk_settings": [],
                "disk_encryption_set_id": "",
                "disk_size_gb": 127,
                "name": "SH2VM_OsDisk_1_c3369d0b97cd4bc5a848e2a72f83160a",
                "secure_vm_disk_encryption_set_id": "",
                "security_encryption_type": "",
                "storage_account_type": "Standard_LRS",
                "write_accelerator_enabled": false
              }
            ],
            "patch_assessment_mode": "ImageDefault",
            "patch_mode": "AutomaticByOS",
            "plan": [],
            "platform_fault_domain": -1,
            "priority": "Regular",
            "private_ip_address": "10.1.2.6",
            "private_ip_addresses": [
              "10.1.2.6"
            ],
            "provision_vm_agent": true,
            "proximity_placement_group_id": "",
            "public_ip_address": "",
            "public_ip_addresses": [],
            "resource_group_name": "AzureLAB",
            "secret": [],
            "secure_boot_enabled": false,
            "size": "Standard_B2s",
            "source_image_id": "",
            "source_image_reference": [
              {
                "offer": "windows-11",
                "publisher": "MicrosoftWindowsDesktop",
                "sku": "win11-21h2-avd",
                "version": "latest"
              }
            ],
            "tags": {
              "environment": "AzureLAB"
            },
            "termination_notification": [],
            "timeouts": null,
            "timezone": "",
            "user_data": "",
            "virtual_machine_id": "db8d696d-435e-47be-a58e-e2d96b747d82",
            "virtual_machine_scale_set_id": "",
            "vtpm_enabled": false,
            "winrm_listener": [],
            "zone": ""
          },
          "sensitive_attributes": [],
          "private": "eyJlMmJmYjczMC1lY2FhLTExZTYtOGY4OC0zNDM2M2JjN2M0YzAiOnsiY3JlYXRlIjoyNzAwMDAwMDAwMDAwLCJkZWxldGUiOjI3MDAwMDAwMDAwMDAsInJlYWQiOjMwMDAwMDAwMDAwMCwidXBkYXRlIjoyNzAwMDAwMDAwMDAwfX0=",
          "dependencies": [
            "azurerm_network_interface.nic4",
            "azurerm_resource_group.IAAC_Infra",
            "azurerm_subnet.IAAC_Infra_Subnet_SH",
            "azurerm_virtual_network.IAAC_Infra_VNET"
          ]
        }
      ]
    },
    {
      "mode": "managed",
      "type": "azurerm_windows_virtual_machine",
      "name": "vm5",
      "provider": "provider[\"registry.terraform.io/hashicorp/azurerm\"]",
      "instances": [
        {
          "schema_version": 0,
          "attributes": {
            "additional_capabilities": [],
            "additional_unattend_content": [],
            "admin_password": "P@ssw0rd12345",
            "admin_username": "azurefixmylab",
            "allow_extension_operations": true,
            "availability_set_id": "",
            "boot_diagnostics": [],
            "capacity_reservation_group_id": "",
            "computer_name": "Server1VM",
            "custom_data": null,
            "dedicated_host_group_id": "",
            "dedicated_host_id": "",
            "edge_zone": "",
            "enable_automatic_updates": true,
            "encryption_at_host_enabled": false,
            "eviction_policy": "",
            "extensions_time_budget": "PT1H30M",
            "gallery_application": [],
            "hotpatching_enabled": false,
            "id": "/subscriptions/637e301c-c39b-464e-bdd2-043795b66b09/resourceGroups/AzureLAB/providers/Microsoft.Compute/virtualMachines/Server1VM",
            "identity": [],
            "license_type": "",
            "location": "eastus",
            "max_bid_price": -1,
            "name": "Server1VM",
            "network_interface_ids": [
              "/subscriptions/637e301c-c39b-464e-bdd2-043795b66b09/resourceGroups/AzureLAB/providers/Microsoft.Network/networkInterfaces/ServerVMNIC"
            ],
            "os_disk": [
              {
                "caching": "ReadWrite",
                "diff_disk_settings": [],
                "disk_encryption_set_id": "",
                "disk_size_gb": 127,
                "name": "Server1VM_disk1_1e7e6a5d85804045a103c4737d69a1e5",
                "secure_vm_disk_encryption_set_id": "",
                "security_encryption_type": "",
                "storage_account_type": "Standard_LRS",
                "write_accelerator_enabled": false
              }
            ],
            "patch_assessment_mode": "ImageDefault",
            "patch_mode": "AutomaticByOS",
            "plan": [],
            "platform_fault_domain": -1,
            "priority": "Regular",
            "private_ip_address": "10.1.2.5",
            "private_ip_addresses": [
              "10.1.2.5"
            ],
            "provision_vm_agent": true,
            "proximity_placement_group_id": "",
            "public_ip_address": "",
            "public_ip_addresses": [],
            "resource_group_name": "AzureLAB",
            "secret": [],
            "secure_boot_enabled": false,
            "size": "Standard_B2s",
            "source_image_id": "",
            "source_image_reference": [
              {
                "offer": "WindowsServer",
                "publisher": "MicrosoftWindowsServer",
                "sku": "2019-datacenter-gensecond",
                "version": "latest"
              }
            ],
            "tags": {
              "environment": "AzureLAB"
            },
            "termination_notification": [],
            "timeouts": null,
            "timezone": "",
            "user_data": "",
            "virtual_machine_id": "65bcc03a-271f-4b82-9132-33963f26a9ac",
            "virtual_machine_scale_set_id": "",
            "vtpm_enabled": false,
            "winrm_listener": [],
            "zone": ""
          },
          "sensitive_attributes": [],
          "private": "eyJlMmJmYjczMC1lY2FhLTExZTYtOGY4OC0zNDM2M2JjN2M0YzAiOnsiY3JlYXRlIjoyNzAwMDAwMDAwMDAwLCJkZWxldGUiOjI3MDAwMDAwMDAwMDAsInJlYWQiOjMwMDAwMDAwMDAwMCwidXBkYXRlIjoyNzAwMDAwMDAwMDAwfX0=",
          "dependencies": [
            "azurerm_network_interface.nic5",
            "azurerm_resource_group.IAAC_Infra",
            "azurerm_subnet.IAAC_Infra_Subnet_SH",
            "azurerm_virtual_network.IAAC_Infra_VNET"
          ]
        }
      ]
    },
    {
      "mode": "managed",
      "type": "azurerm_windows_virtual_machine",
      "name": "vm6",
      "provider": "provider[\"registry.terraform.io/hashicorp/azurerm\"]",
      "instances": [
        {
          "schema_version": 0,
          "attributes": {
            "additional_capabilities": [],
            "additional_unattend_content": [],
            "admin_password": "P@ssw0rd12345",
            "admin_username": "azurefixmylab",
            "allow_extension_operations": true,
            "availability_set_id": "",
            "boot_diagnostics": [],
            "capacity_reservation_group_id": "",
            "computer_name": "Server2VM",
            "custom_data": null,
            "dedicated_host_group_id": "",
            "dedicated_host_id": "",
            "edge_zone": "",
            "enable_automatic_updates": true,
            "encryption_at_host_enabled": false,
            "eviction_policy": "",
            "extensions_time_budget": "PT1H30M",
            "gallery_application": [],
            "hotpatching_enabled": false,
            "id": "/subscriptions/637e301c-c39b-464e-bdd2-043795b66b09/resourceGroups/AzureLAB/providers/Microsoft.Compute/virtualMachines/Server2VM",
            "identity": [],
            "license_type": "",
            "location": "eastus",
            "max_bid_price": -1,
            "name": "Server2VM",
            "network_interface_ids": [
              "/subscriptions/637e301c-c39b-464e-bdd2-043795b66b09/resourceGroups/AzureLAB/providers/Microsoft.Network/networkInterfaces/Server2VMNIC"
            ],
            "os_disk": [
              {
                "caching": "ReadWrite",
                "diff_disk_settings": [],
                "disk_encryption_set_id": "",
                "disk_size_gb": 127,
                "name": "Server2VM_disk1_e802fd5cd5e04598924b7bf4671d10b5",
                "secure_vm_disk_encryption_set_id": "",
                "security_encryption_type": "",
                "storage_account_type": "Standard_LRS",
                "write_accelerator_enabled": false
              }
            ],
            "patch_assessment_mode": "ImageDefault",
            "patch_mode": "AutomaticByOS",
            "plan": [],
            "platform_fault_domain": -1,
            "priority": "Regular",
            "private_ip_address": "10.1.2.7",
            "private_ip_addresses": [
              "10.1.2.7"
            ],
            "provision_vm_agent": true,
            "proximity_placement_group_id": "",
            "public_ip_address": "",
            "public_ip_addresses": [],
            "resource_group_name": "AzureLAB",
            "secret": [],
            "secure_boot_enabled": false,
            "size": "Standard_B2s",
            "source_image_id": "",
            "source_image_reference": [
              {
                "offer": "WindowsServer",
                "publisher": "MicrosoftWindowsServer",
                "sku": "2019-datacenter-gensecond",
                "version": "latest"
              }
            ],
            "tags": {
              "environment": "AzureLAB"
            },
            "termination_notification": [],
            "timeouts": null,
            "timezone": "",
            "user_data": "",
            "virtual_machine_id": "952d846d-ddbe-4259-9307-b21685d8e30c",
            "virtual_machine_scale_set_id": "",
            "vtpm_enabled": false,
            "winrm_listener": [],
            "zone": ""
          },
          "sensitive_attributes": [],
          "private": "eyJlMmJmYjczMC1lY2FhLTExZTYtOGY4OC0zNDM2M2JjN2M0YzAiOnsiY3JlYXRlIjoyNzAwMDAwMDAwMDAwLCJkZWxldGUiOjI3MDAwMDAwMDAwMDAsInJlYWQiOjMwMDAwMDAwMDAwMCwidXBkYXRlIjoyNzAwMDAwMDAwMDAwfX0=",
          "dependencies": [
            "azurerm_network_interface.nic6",
            "azurerm_resource_group.IAAC_Infra",
            "azurerm_subnet.IAAC_Infra_Subnet_SH",
            "azurerm_virtual_network.IAAC_Infra_VNET"
          ]
        }
      ]
    },
    {
      "mode": "managed",
      "type": "azurerm_windows_virtual_machine",
      "name": "vm7",
      "provider": "provider[\"registry.terraform.io/hashicorp/azurerm\"]",
      "instances": [
        {
          "schema_version": 0,
          "attributes": {
            "additional_capabilities": [],
            "additional_unattend_content": [],
            "admin_password": "P@ssw0rd12345",
            "admin_username": "azurefixmylab",
            "allow_extension_operations": true,
            "availability_set_id": "",
            "boot_diagnostics": [],
            "capacity_reservation_group_id": "",
            "computer_name": "Server3VM",
            "custom_data": null,
            "dedicated_host_group_id": "",
            "dedicated_host_id": "",
            "edge_zone": "",
            "enable_automatic_updates": true,
            "encryption_at_host_enabled": false,
            "eviction_policy": "",
            "extensions_time_budget": "PT1H30M",
            "gallery_application": [],
            "hotpatching_enabled": false,
            "id": "/subscriptions/637e301c-c39b-464e-bdd2-043795b66b09/resourceGroups/AzureLAB/providers/Microsoft.Compute/virtualMachines/Server3VM",
            "identity": [],
            "license_type": "",
            "location": "eastus",
            "max_bid_price": -1,
            "name": "Server3VM",
            "network_interface_ids": [
              "/subscriptions/637e301c-c39b-464e-bdd2-043795b66b09/resourceGroups/AzureLAB/providers/Microsoft.Network/networkInterfaces/Server3VMNIC"
            ],
            "os_disk": [
              {
                "caching": "ReadWrite",
                "diff_disk_settings": [],
                "disk_encryption_set_id": "",
                "disk_size_gb": 127,
                "name": "Server3VM_disk1_ebdc862ce60b42d9bd97812c30580b93",
                "secure_vm_disk_encryption_set_id": "",
                "security_encryption_type": "",
                "storage_account_type": "Standard_LRS",
                "write_accelerator_enabled": false
              }
            ],
            "patch_assessment_mode": "ImageDefault",
            "patch_mode": "AutomaticByOS",
            "plan": [],
            "platform_fault_domain": -1,
            "priority": "Regular",
            "private_ip_address": "10.1.2.8",
            "private_ip_addresses": [
              "10.1.2.8"
            ],
            "provision_vm_agent": true,
            "proximity_placement_group_id": "",
            "public_ip_address": "",
            "public_ip_addresses": [],
            "resource_group_name": "AzureLAB",
            "secret": [],
            "secure_boot_enabled": false,
            "size": "Standard_B2s",
            "source_image_id": "",
            "source_image_reference": [
              {
                "offer": "WindowsServer",
                "publisher": "MicrosoftWindowsServer",
                "sku": "2019-datacenter-gensecond",
                "version": "latest"
              }
            ],
            "tags": {
              "environment": "AzureLAB"
            },
            "termination_notification": [],
            "timeouts": null,
            "timezone": "",
            "user_data": "",
            "virtual_machine_id": "4267381f-bdfc-4b4a-b9a3-4d8b04805bbd",
            "virtual_machine_scale_set_id": "",
            "vtpm_enabled": false,
            "winrm_listener": [],
            "zone": ""
          },
          "sensitive_attributes": [],
          "private": "eyJlMmJmYjczMC1lY2FhLTExZTYtOGY4OC0zNDM2M2JjN2M0YzAiOnsiY3JlYXRlIjoyNzAwMDAwMDAwMDAwLCJkZWxldGUiOjI3MDAwMDAwMDAwMDAsInJlYWQiOjMwMDAwMDAwMDAwMCwidXBkYXRlIjoyNzAwMDAwMDAwMDAwfX0=",
          "dependencies": [
            "azurerm_network_interface.nic7",
            "azurerm_resource_group.IAAC_Infra",
            "azurerm_subnet.IAAC_Infra_Subnet_SH",
            "azurerm_virtual_network.IAAC_Infra_VNET"
          ]
        }
      ]
    },
    {
      "mode": "managed",
      "type": "azurerm_windows_virtual_machine",
      "name": "vm8",
      "provider": "provider[\"registry.terraform.io/hashicorp/azurerm\"]",
      "instances": [
        {
          "schema_version": 0,
          "attributes": {
            "additional_capabilities": [],
            "additional_unattend_content": [],
            "admin_password": "P@ssw0rd12345",
            "admin_username": "azurefixmylab",
            "allow_extension_operations": true,
            "availability_set_id": "",
            "boot_diagnostics": [],
            "capacity_reservation_group_id": "",
            "computer_name": "Server4VM",
            "custom_data": null,
            "dedicated_host_group_id": "",
            "dedicated_host_id": "",
            "edge_zone": "",
            "enable_automatic_updates": true,
            "encryption_at_host_enabled": false,
            "eviction_policy": "",
            "extensions_time_budget": "PT1H30M",
            "gallery_application": [],
            "hotpatching_enabled": false,
            "id": "/subscriptions/637e301c-c39b-464e-bdd2-043795b66b09/resourceGroups/AzureLAB/providers/Microsoft.Compute/virtualMachines/Server4VM",
            "identity": [],
            "license_type": "",
            "location": "eastus",
            "max_bid_price": -1,
            "name": "Server4VM",
            "network_interface_ids": [
              "/subscriptions/637e301c-c39b-464e-bdd2-043795b66b09/resourceGroups/AzureLAB/providers/Microsoft.Network/networkInterfaces/Server4VMNIC"
            ],
            "os_disk": [
              {
                "caching": "ReadWrite",
                "diff_disk_settings": [],
                "disk_encryption_set_id": "",
                "disk_size_gb": 127,
                "name": "Server4VM_disk1_573bcba1a9fa4501a7ac1b4ae00e610f",
                "secure_vm_disk_encryption_set_id": "",
                "security_encryption_type": "",
                "storage_account_type": "Standard_LRS",
                "write_accelerator_enabled": false
              }
            ],
            "patch_assessment_mode": "ImageDefault",
            "patch_mode": "AutomaticByOS",
            "plan": [],
            "platform_fault_domain": -1,
            "priority": "Regular",
            "private_ip_address": "10.1.2.9",
            "private_ip_addresses": [
              "10.1.2.9"
            ],
            "provision_vm_agent": true,
            "proximity_placement_group_id": "",
            "public_ip_address": "",
            "public_ip_addresses": [],
            "resource_group_name": "AzureLAB",
            "secret": [],
            "secure_boot_enabled": false,
            "size": "Standard_B2s",
            "source_image_id": "",
            "source_image_reference": [
              {
                "offer": "WindowsServer",
                "publisher": "MicrosoftWindowsServer",
                "sku": "2019-datacenter-gensecond",
                "version": "latest"
              }
            ],
            "tags": {
              "environment": "AzureLAB"
            },
            "termination_notification": null,
            "timeouts": null,
            "timezone": "",
            "user_data": "",
            "virtual_machine_id": "8fde004a-6ed2-42a3-b880-43c292802c42",
            "virtual_machine_scale_set_id": "",
            "vtpm_enabled": false,
            "winrm_listener": [],
            "zone": ""
          },
          "sensitive_attributes": [],
          "private": "eyJlMmJmYjczMC1lY2FhLTExZTYtOGY4OC0zNDM2M2JjN2M0YzAiOnsiY3JlYXRlIjoyNzAwMDAwMDAwMDAwLCJkZWxldGUiOjI3MDAwMDAwMDAwMDAsInJlYWQiOjMwMDAwMDAwMDAwMCwidXBkYXRlIjoyNzAwMDAwMDAwMDAwfX0=",
          "dependencies": [
            "azurerm_network_interface.nic8",
            "azurerm_resource_group.IAAC_Infra",
            "azurerm_subnet.IAAC_Infra_Subnet_SH"
          ]
        }
      ]
    }
  ],
  "check_results": null
}
